{
  "version": 4,
  "terraform_version": "1.8.4",
  "serial": 6,
  "lineage": "302b452b-5476-a56a-a2e0-989d38537936",
  "outputs": {},
  "resources": [
    {
      "mode": "managed",
      "type": "local_file",
      "name": "time1",
      "provider": "provider[\"registry.terraform.io/hashicorp/local\"]",
      "instances": [
        {
          "schema_version": 0,
          "attributes": {
            "content": "2024-06-03T18:49:46Z",
            "content_base64": null,
            "directory_permission": "0777",
            "file_permission": "0777",
            "filename": "time1.txt",
            "id": "2b61d4b47742abd385c872228c03c49811142c37",
            "sensitive_content": null,
            "source": null
          },
          "sensitive_attributes": [
            [
              {
                "type": "get_attr",
                "value": "sensitive_content"
              }
            ]
          ],
          "private": "bnVsbA==",
          "dependencies": [
            "time_static.time"
          ]
        }
      ]
    },
    {
      "mode": "managed",
      "type": "local_file",
      "name": "time2",
      "provider": "provider[\"registry.terraform.io/hashicorp/local\"]",
      "instances": [
        {
          "status": "tainted",
          "schema_version": 0,
          "attributes": {
            "content": "2024-06-03T18:49:46Z",
            "content_base64": null,
            "directory_permission": "0777",
            "file_permission": "0777",
            "filename": "time2.txt",
            "id": "2b61d4b47742abd385c872228c03c49811142c37",
            "sensitive_content": null,
            "source": null
          },
          "sensitive_attributes": [
            [
              {
                "type": "get_attr",
                "value": "sensitive_content"
              }
            ]
          ],
          "private": "bnVsbA==",
          "dependencies": [
            "time_static.time"
          ]
        }
      ]
    },
    {
      "mode": "managed",
      "type": "local_file",
      "name": "time3",
      "provider": "provider[\"registry.terraform.io/hashicorp/local\"]",
      "instances": [
        {
          "schema_version": 0,
          "attributes": {
            "content": "2024-06-03T18:49:46Z",
            "content_base64": null,
            "directory_permission": "0777",
            "file_permission": "0777",
            "filename": "time3.txt",
            "id": "2b61d4b47742abd385c872228c03c49811142c37",
            "sensitive_content": null,
            "source": null
          },
          "sensitive_attributes": [
            [
              {
                "type": "get_attr",
                "value": "sensitive_content"
              }
            ]
          ],
          "private": "bnVsbA==",
          "dependencies": [
            "time_static.time"
          ]
        }
      ]
    },
    {
      "mode": "managed",
      "type": "time_static",
      "name": "time",
      "provider": "provider[\"registry.terraform.io/hashicorp/time\"]",
      "instances": [
        {
          "schema_version": 0,
          "attributes": {
            "day": 3,
            "hour": 18,
            "id": "2024-06-03T18:49:46Z",
            "minute": 49,
            "month": 6,
            "rfc3339": "2024-06-03T18:49:46Z",
            "second": 46,
            "triggers": null,
            "unix": 1717440586,
            "year": 2024
          },
          "sensitive_attributes": []
        }
      ]
    }
  ],
  "check_results": null
}
