{
  "version": 4,
  "terraform_version": "1.8.4",
  "serial": 1,
  "lineage": "9d4be003-29aa-63d8-e63f-a2a4b5486d6c",
  "outputs": {},
  "resources": [
    {
      "module": "module.dev_web_server_config",
      "mode": "managed",
      "type": "local_file",
      "name": "web_server_config",
      "provider": "provider[\"registry.terraform.io/hashicorp/local\"]",
      "instances": [
        {
          "schema_version": 0,
          "attributes": {
            "content": "192.168.100.100 dev 8080",
            "content_base64": null,
            "content_base64sha256": "57tLVTp7utx5Fiat2Q9JO3xJcg+NJbVNanuLJUG+Xvo=",
            "content_base64sha512": "popizX/KQZWxxCKJVVLXOT5k1ytQeKmc3Lh3Q2MzBDZ1P+SmhcTWkqoNL1dOxt6gNQto46WCFTK4WZEvxc78JQ==",
            "content_md5": "dfe2b299af9a17ec4c9989de097870a8",
            "content_sha1": "1a7ed6e97d0e284ef7d213eb273b60c938ad7bdc",
            "content_sha256": "e7bb4b553a7bbadc791626add90f493b7c49720f8d25b54d6a7b8b2541be5efa",
            "content_sha512": "a68a62cd7fca4195b1c422895552d7393e64d72b5078a99cdcb8774363330436753fe4a685c4d692aa0d2f574ec6dea0350b68e3a5821532b859912fc5cefc25",
            "directory_permission": "0777",
            "file_permission": "700",
            "filename": "./dev.txt",
            "id": "1a7ed6e97d0e284ef7d213eb273b60c938ad7bdc",
            "sensitive_content": null,
            "source": null
          },
          "sensitive_attributes": [
            [
              {
                "type": "get_attr",
                "value": "sensitive_content"
              }
            ]
          ]
        }
      ]
    }
  ],
  "check_results": null
}
